<?xml version="1.0" encoding="utf-8"?>
<Project ToolsVersion="4.0" xmlns="http://schemas.microsoft.com/developer/msbuild/2003">
  <ItemGroup>
    <Filter Include="Source Files">
      <UniqueIdentifier>{4FC737F1-C7A5-4376-A066-2A32D752A2FF}</UniqueIdentifier>
      <Extensions>cpp;c;cc;cxx;def;odl;idl;hpj;bat;asm;asmx</Extensions>
    </Filter>
    <Filter Include="Header Files">
      <UniqueIdentifier>{93995380-89BD-4b04-88EB-625FBE52EBFB}</UniqueIdentifier>
      <Extensions>h;hpp;hxx;hm;inl;inc;xsd</Extensions>
    </Filter>
    <Filter Include="Resource Files">
      <UniqueIdentifier>{67DA6AB6-F800-4c08-8B7A-83BB121AAD01}</UniqueIdentifier>
      <Extensions>rc;ico;cur;bmp;dlg;rc2;rct;bin;rgs;gif;jpg;jpeg;jpe;resx;tiff;tif;png;wav</Extensions>
    </Filter>
  </ItemGroup>
  <ItemGroup>
    <ClCompile Include="dataconverter\converter.cpp">
      <Filter>Source Files</Filter>
    </ClCompile>
    <ClCompile Include="dataconverter\FileConfigReader.cpp">
      <Filter>Source Files</Filter>
    </ClCompile>
    <ClCompile Include="dataconverter\FileReader.cpp">
      <Filter>Source Files</Filter>
    </ClCompile>
    <ClCompile Include="dataconverter\Utils.cpp">
      <Filter>Source Files</Filter>
    </ClCompile>
    <ClCompile Include="dependencies\eigen\bench\benchFFT.cpp">
      <Filter>Source Files</Filter>
    </ClCompile>
    <ClCompile Include="dependencies\eigen\bench\benchmark.cpp">
      <Filter>Source Files</Filter>
    </ClCompile>
    <ClCompile Include="dependencies\eigen\bench\benchmarkX.cpp">
      <Filter>Source Files</Filter>
    </ClCompile>
    <ClCompile Include="dependencies\eigen\bench\bench_gemm.cpp">
      <Filter>Source Files</Filter>
    </ClCompile>
    <ClCompile Include="dependencies\eigen\bench\bench_norm.cpp">
      <Filter>Source Files</Filter>
    </ClCompile>
    <ClCompile Include="dependencies\eigen\bench\bench_sum.cpp">
      <Filter>Source Files</Filter>
    </ClCompile>
    <ClCompile Include="dependencies\eigen\bench\eig33.cpp">
      <Filter>Source Files</Filter>
    </ClCompile>
    <ClCompile Include="dependencies\eigen\bench\geometry.cpp">
      <Filter>Source Files</Filter>
    </ClCompile>
    <ClCompile Include="dependencies\eigen\bench\quatmul.cpp">
      <Filter>Source Files</Filter>
    </ClCompile>
    <ClCompile Include="dependencies\eigen\bench\quat_slerp.cpp">
      <Filter>Source Files</Filter>
    </ClCompile>
    <ClCompile Include="dependencies\eigen\bench\sparse_lu.cpp">
      <Filter>Source Files</Filter>
    </ClCompile>
    <ClCompile Include="dependencies\eigen\bench\spmv.cpp">
      <Filter>Source Files</Filter>
    </ClCompile>
    <ClCompile Include="dependencies\eigen\bench\vdw_new.cpp">
      <Filter>Source Files</Filter>
    </ClCompile>
    <ClCompile Include="dependencies\eigen\blas\double.cpp">
      <Filter>Source Files</Filter>
    </ClCompile>
    <ClCompile Include="dependencies\eigen\blas\single.cpp">
      <Filter>Source Files</Filter>
    </ClCompile>
    <ClCompile Include="dependencies\eigen\blas\xerbla.cpp">
      <Filter>Source Files</Filter>
    </ClCompile>
    <ClCompile Include="dependencies\eigen\doc\tutorial.cpp">
      <Filter>Source Files</Filter>
    </ClCompile>
    <ClCompile Include="dependencies\eigen\lapack\cholesky.cpp">
      <Filter>Source Files</Filter>
    </ClCompile>
    <ClCompile Include="dependencies\eigen\lapack\double.cpp">
      <Filter>Source Files</Filter>
    </ClCompile>
    <ClCompile Include="dependencies\eigen\lapack\lu.cpp">
      <Filter>Source Files</Filter>
    </ClCompile>
    <ClCompile Include="dependencies\eigen\lapack\single.cpp">
      <Filter>Source Files</Filter>
    </ClCompile>
    <ClCompile Include="dependencies\eigen\test\adjoint.cpp">
      <Filter>Source Files</Filter>
    </ClCompile>
    <ClCompile Include="dependencies\eigen\test\array.cpp">
      <Filter>Source Files</Filter>
    </ClCompile>
    <ClCompile Include="dependencies\eigen\test\bandmatrix.cpp">
      <Filter>Source Files</Filter>
    </ClCompile>
    <ClCompile Include="dependencies\eigen\test\basicstuff.cpp">
      <Filter>Source Files</Filter>
    </ClCompile>
    <ClCompile Include="dependencies\eigen\test\block.cpp">
      <Filter>Source Files</Filter>
    </ClCompile>
    <ClCompile Include="dependencies\eigen\test\cholesky.cpp">
      <Filter>Source Files</Filter>
    </ClCompile>
    <ClCompile Include="dependencies\eigen\test\corners.cpp">
      <Filter>Source Files</Filter>
    </ClCompile>
    <ClCompile Include="dependencies\eigen\test\cwiseop.cpp">
      <Filter>Source Files</Filter>
    </ClCompile>
    <ClCompile Include="dependencies\eigen\test\determinant.cpp">
      <Filter>Source Files</Filter>
    </ClCompile>
    <ClCompile Include="dependencies\eigen\test\diagonal.cpp">
      <Filter>Source Files</Filter>
    </ClCompile>
    <ClCompile Include="dependencies\eigen\test\dontalign.cpp">
      <Filter>Source Files</Filter>
    </ClCompile>
    <ClCompile Include="dependencies\eigen\test\dynalloc.cpp">
      <Filter>Source Files</Filter>
    </ClCompile>
    <ClCompile Include="dependencies\eigen\test\exceptions.cpp">
      <Filter>Source Files</Filter>
    </ClCompile>
    <ClCompile Include="dependencies\eigen\test\hessenberg.cpp">
      <Filter>Source Files</Filter>
    </ClCompile>
    <ClCompile Include="dependencies\eigen\test\householder.cpp">
      <Filter>Source Files</Filter>
    </ClCompile>
    <ClCompile Include="dependencies\eigen\test\inverse.cpp">
      <Filter>Source Files</Filter>
    </ClCompile>
    <ClCompile Include="dependencies\eigen\test\jacobi.cpp">
      <Filter>Source Files</Filter>
    </ClCompile>
    <ClCompile Include="dependencies\eigen\test\jacobisvd.cpp">
      <Filter>Source Files</Filter>
    </ClCompile>
    <ClCompile Include="dependencies\eigen\test\lu.cpp">
      <Filter>Source Files</Filter>
    </ClCompile>
    <ClCompile Include="dependencies\eigen\test\map.cpp">
      <Filter>Source Files</Filter>
    </ClCompile>
    <ClCompile Include="dependencies\eigen\test\mapstride.cpp">
      <Filter>Source Files</Filter>
    </ClCompile>
    <ClCompile Include="dependencies\eigen\test\meta.cpp">
      <Filter>Source Files</Filter>
    </ClCompile>
    <ClCompile Include="dependencies\eigen\test\mixingtypes.cpp">
      <Filter>Source Files</Filter>
    </ClCompile>
    <ClCompile Include="dependencies\eigen\test\nesting_ops.cpp">
      <Filter>Source Files</Filter>
    </ClCompile>
    <ClCompile Include="dependencies\eigen\test\nomalloc.cpp">
      <Filter>Source Files</Filter>
    </ClCompile>
    <ClCompile Include="dependencies\eigen\test\nullary.cpp">
      <Filter>Source Files</Filter>
    </ClCompile>
    <ClCompile Include="dependencies\eigen\test\packetmath.cpp">
      <Filter>Source Files</Filter>
    </ClCompile>
    <ClCompile Include="dependencies\eigen\test\qr.cpp">
      <Filter>Source Files</Filter>
    </ClCompile>
    <ClCompile Include="dependencies\eigen\test\qtvector.cpp">
      <Filter>Source Files</Filter>
    </ClCompile>
    <ClCompile Include="dependencies\eigen\test\redux.cpp">
      <Filter>Source Files</Filter>
    </ClCompile>
    <ClCompile Include="dependencies\eigen\test\resize.cpp">
      <Filter>Source Files</Filter>
    </ClCompile>
    <ClCompile Include="dependencies\eigen\test\schur_real.cpp">
      <Filter>Source Files</Filter>
    </ClCompile>
    <ClCompile Include="dependencies\eigen\test\selfadjoint.cpp">
      <Filter>Source Files</Filter>
    </ClCompile>
    <ClCompile Include="dependencies\eigen\test\sizeof.cpp">
      <Filter>Source Files</Filter>
    </ClCompile>
    <ClCompile Include="dependencies\eigen\test\stable_norm.cpp">
      <Filter>Source Files</Filter>
    </ClCompile>
    <ClCompile Include="dependencies\eigen\test\stddeque.cpp">
      <Filter>Source Files</Filter>
    </ClCompile>
    <ClCompile Include="dependencies\eigen\test\stdlist.cpp">
      <Filter>Source Files</Filter>
    </ClCompile>
    <ClCompile Include="dependencies\eigen\test\stdvector.cpp">
      <Filter>Source Files</Filter>
    </ClCompile>
    <ClCompile Include="dependencies\eigen\test\swap.cpp">
      <Filter>Source Files</Filter>
    </ClCompile>
    <ClCompile Include="dependencies\eigen\test\triangular.cpp">
      <Filter>Source Files</Filter>
    </ClCompile>
    <ClCompile Include="dependencies\eigen\test\umeyama.cpp">
      <Filter>Source Files</Filter>
    </ClCompile>
    <ClCompile Include="dependencies\eigen\test\visitor.cpp">
      <Filter>Source Files</Filter>
    </ClCompile>
    <ClCompile Include="dependencies\eigen\test\zerosized.cpp">
      <Filter>Source Files</Filter>
    </ClCompile>
    <ClCompile Include="dependencies\tclap\examples\test1.cpp">
      <Filter>Source Files</Filter>
    </ClCompile>
    <ClCompile Include="dependencies\tclap\examples\test10.cpp">
      <Filter>Source Files</Filter>
    </ClCompile>
    <ClCompile Include="dependencies\tclap\examples\test11.cpp">
      <Filter>Source Files</Filter>
    </ClCompile>
    <ClCompile Include="dependencies\tclap\examples\test12.cpp">
      <Filter>Source Files</Filter>
    </ClCompile>
    <ClCompile Include="dependencies\tclap\examples\test13.cpp">
      <Filter>Source Files</Filter>
    </ClCompile>
    <ClCompile Include="dependencies\tclap\examples\test14.cpp">
      <Filter>Source Files</Filter>
    </ClCompile>
    <ClCompile Include="dependencies\tclap\examples\test15.cpp">
      <Filter>Source Files</Filter>
    </ClCompile>
    <ClCompile Include="dependencies\tclap\examples\test16.cpp">
      <Filter>Source Files</Filter>
    </ClCompile>
    <ClCompile Include="dependencies\tclap\examples\test17.cpp">
      <Filter>Source Files</Filter>
    </ClCompile>
    <ClCompile Include="dependencies\tclap\examples\test18.cpp">
      <Filter>Source Files</Filter>
    </ClCompile>
    <ClCompile Include="dependencies\tclap\examples\test19.cpp">
      <Filter>Source Files</Filter>
    </ClCompile>
    <ClCompile Include="dependencies\tclap\examples\test2.cpp">
      <Filter>Source Files</Filter>
    </ClCompile>
    <ClCompile Include="dependencies\tclap\examples\test20.cpp">
      <Filter>Source Files</Filter>
    </ClCompile>
    <ClCompile Include="dependencies\tclap\examples\test21.cpp">
      <Filter>Source Files</Filter>
    </ClCompile>
    <ClCompile Include="dependencies\tclap\examples\test3.cpp">
      <Filter>Source Files</Filter>
    </ClCompile>
    <ClCompile Include="dependencies\tclap\examples\test4.cpp">
      <Filter>Source Files</Filter>
    </ClCompile>
    <ClCompile Include="dependencies\tclap\examples\test5.cpp">
      <Filter>Source Files</Filter>
    </ClCompile>
    <ClCompile Include="dependencies\tclap\examples\test6.cpp">
      <Filter>Source Files</Filter>
    </ClCompile>
    <ClCompile Include="dependencies\tclap\examples\test7.cpp">
      <Filter>Source Files</Filter>
    </ClCompile>
    <ClCompile Include="dependencies\tclap\examples\test8.cpp">
      <Filter>Source Files</Filter>
    </ClCompile>
    <ClCompile Include="dependencies\tclap\examples\test9.cpp">
      <Filter>Source Files</Filter>
    </ClCompile>
    <ClCompile Include="src\main.cpp">
      <Filter>Source Files</Filter>
    </ClCompile>
    <ClCompile Include="src\utils.cpp">
      <Filter>Source Files</Filter>
    </ClCompile>
    <ClCompile Include="src\exec\bbque.cpp">
      <Filter>Source Files</Filter>
    </ClCompile>
    <ClCompile Include="src\exec\cxx11threads.cpp">
      <Filter>Source Files</Filter>
    </ClCompile>
    <ClCompile Include="src\exec\seq_monocore.cpp">
      <Filter>Source Files</Filter>
    </ClCompile>
    <ClCompile Include="src\gen_intermediate\aes128round1.cpp">
      <Filter>Source Files</Filter>
    </ClCompile>
    <ClCompile Include="src\gen_powermodel\hammingweight.cpp">
      <Filter>Source Files</Filter>
    </ClCompile>
    <ClCompile Include="src\input\bin1.cpp">
      <Filter>Source Files</Filter>
    </ClCompile>
    <ClCompile Include="src\keygen\aes128keygen.cpp">
      <Filter>Source Files</Filter>
    </ClCompile>
    <ClCompile Include="src\output\coarseresult.cpp">
      <Filter>Source Files</Filter>
    </ClCompile>
    <ClCompile Include="src\output\gnuplot.cpp">
      <Filter>Source Files</Filter>
    </ClCompile>
    <ClCompile Include="src\output\multiple.cpp">
      <Filter>Source Files</Filter>
    </ClCompile>
    <ClCompile Include="src\statisticaltest\pearson.cpp">
      <Filter>Source Files</Filter>
    </ClCompile>
  </ItemGroup>
  <ItemGroup>
    <ClInclude Include="dataconverter\common.h">
      <Filter>Header Files</Filter>
    </ClInclude>
    <ClInclude Include="dataconverter\FileConfigReader.h">
      <Filter>Header Files</Filter>
    </ClInclude>
    <ClInclude Include="dataconverter\FileReader.h">
      <Filter>Header Files</Filter>
    </ClInclude>
    <ClInclude Include="dataconverter\Utils.h">
      <Filter>Header Files</Filter>
    </ClInclude>
    <ClInclude Include="dependencies\eigen\bench\BenchTimer.h">
      <Filter>Header Files</Filter>
    </ClInclude>
    <ClInclude Include="dependencies\eigen\bench\BenchUtil.h">
      <Filter>Header Files</Filter>
    </ClInclude>
    <ClInclude Include="dependencies\eigen\blas\common.h">
      <Filter>Header Files</Filter>
    </ClInclude>
    <ClInclude Include="dependencies\eigen\blas\level1_impl.h">
      <Filter>Header Files</Filter>
    </ClInclude>
    <ClInclude Include="dependencies\eigen\blas\level2_impl.h">
      <Filter>Header Files</Filter>
    </ClInclude>
    <ClInclude Include="dependencies\eigen\blas\level3_impl.h">
      <Filter>Header Files</Filter>
    </ClInclude>
    <ClInclude Include="dependencies\eigen\eigen\src\core\Dot.h">
      <Filter>Header Files</Filter>
    </ClInclude>
    <ClInclude Include="dependencies\eigen\eigen\src\core\IO.h">
      <Filter>Header Files</Filter>
    </ClInclude>
    <ClInclude Include="dependencies\eigen\eigen\src\core\Map.h">
      <Filter>Header Files</Filter>
    </ClInclude>
    <ClInclude Include="dependencies\eigen\test\gsl_helper.h">
      <Filter>Header Files</Filter>
    </ClInclude>
    <ClInclude Include="dependencies\eigen\test\main.h">
      <Filter>Header Files</Filter>
    </ClInclude>
    <ClInclude Include="dependencies\eigen\test\product.h">
      <Filter>Header Files</Filter>
    </ClInclude>
    <ClInclude Include="dependencies\eigen\test\sparse.h">
      <Filter>Header Files</Filter>
    </ClInclude>
    <ClInclude Include="dependencies\eigen\test\eigen2\main.h">
      <Filter>Header Files</Filter>
    </ClInclude>
    <ClInclude Include="dependencies\eigen\test\eigen2\sparse.h">
      <Filter>Header Files</Filter>
    </ClInclude>
    <ClInclude Include="dependencies\tclap\include\tclap\Arg.h">
      <Filter>Header Files</Filter>
    </ClInclude>
    <ClInclude Include="src\dpacalc.h">
      <Filter>Header Files</Filter>
    </ClInclude>
    <ClInclude Include="src\main.hpp">
      <Filter>Header Files</Filter>
    </ClInclude>
    <ClInclude Include="src\utils.hpp">
      <Filter>Header Files</Filter>
    </ClInclude>
    <ClInclude Include="src\exec\base.hpp">
      <Filter>Header Files</Filter>
    </ClInclude>
    <ClInclude Include="src\exec\bbque.hpp">
      <Filter>Header Files</Filter>
    </ClInclude>
    <ClInclude Include="src\exec\cxx11threads.hpp">
      <Filter>Header Files</Filter>
    </ClInclude>
    <ClInclude Include="src\exec\seq_monocore.hpp">
      <Filter>Header Files</Filter>
    </ClInclude>
    <ClInclude Include="src\gen_intermediate\aes.h">
      <Filter>Header Files</Filter>
    </ClInclude>
    <ClInclude Include="src\gen_intermediate\aes_constants.h">
      <Filter>Header Files</Filter>
    </ClInclude>
    <ClInclude Include="src\gen_intermediate\aes_helpers.h">
      <Filter>Header Files</Filter>
    </ClInclude>
    <ClInclude Include="src\gen_intermediate\aes_primitives.h">
      <Filter>Header Files</Filter>
    </ClInclude>
    <ClInclude Include="src\gen_intermediate\aes_structs.h">
      <Filter>Header Files</Filter>
    </ClInclude>
    <ClInclude Include="src\gen_intermediate\aes128round1.hpp">
      <Filter>Header Files</Filter>
    </ClInclude>
    <ClInclude Include="src\gen_intermediate\base.hpp">
      <Filter>Header Files</Filter>
    </ClInclude>
    <ClInclude Include="src\gen_powermodel\base.hpp">
      <Filter>Header Files</Filter>
    </ClInclude>
    <ClInclude Include="src\gen_powermodel\hammingweight.hpp">
      <Filter>Header Files</Filter>
    </ClInclude>
    <ClInclude Include="src\input\base.hpp">
      <Filter>Header Files</Filter>
    </ClInclude>
    <ClInclude Include="src\input\bin1.hpp">
      <Filter>Header Files</Filter>
    </ClInclude>
    <ClInclude Include="src\keygen\aes128keygen.hpp">
      <Filter>Header Files</Filter>
    </ClInclude>
    <ClInclude Include="src\keygen\base.hpp">
      <Filter>Header Files</Filter>
    </ClInclude>
    <ClInclude Include="src\output\base.hpp">
      <Filter>Header Files</Filter>
    </ClInclude>
    <ClInclude Include="src\output\coarseresult.hpp">
      <Filter>Header Files</Filter>
    </ClInclude>
    <ClInclude Include="src\output\gnuplot.hpp">
      <Filter>Header Files</Filter>
    </ClInclude>
    <ClInclude Include="src\output\multiple.hpp">
      <Filter>Header Files</Filter>
    </ClInclude>
    <ClInclude Include="src\statisticaltest\base.hpp">
      <Filter>Header Files</Filter>
    </ClInclude>
    <ClInclude Include="src\statisticaltest\pearson.hpp">
      <Filter>Header Files</Filter>
    </ClInclude>
  </ItemGroup>
  <ItemGroup>
    <None Include="dataconverter\save\out000001.bin">
      <Filter>Resource Files</Filter>
    </None>
    <None Include="dataconverter\doc\html\annotated.html" />
    <None Include="dataconverter\doc\html\classes.html" />
    <None Include="dataconverter\doc\html\classUtils.html" />
    <None Include="dataconverter\doc\html\common_8h.html" />
    <None Include="dataconverter\doc\html\files.html" />
    <None Include="dataconverter\doc\html\functions.html" />
    <None Include="dataconverter\doc\html\globals.html" />
    <None Include="dataconverter\doc\html\index.html" />
    <None Include="dataconverter\doc\html\Utils_8h.html" />
    <None Include="dependencies\tclap\docs\index.html" />
    <None Include="dependencies\tclap\docs\manual.html" />
    <None Include="dependencies\tclap\docs\html\files.html" />
    <None Include="dependencies\tclap\docs\html\index.html" />
  </ItemGroup>
</Project>