
Microsoft Visual Studio Solution File, Format Version 12.00
# Visual Studio 2012
Project("{8BC9CEB8-8B4A-11D0-8D11-00A0C91BC942}") = "DPACalc", "DPACalc.vcxproj", "{DB796E85-0184-46D4-8DDB-AF6C816CAE57}"
EndProject
Project("{8BC9CEB8-8B4A-11D0-8D11-00A0C91BC942}") = "ConsoleApplication", "..\ConsoleApplication1\ConsoleApplication1\ConsoleApplication1.vcxproj", "{3AED161B-3670-4BD9-9091-39137152FE1B}"
EndProject
Project("{8BC9CEB8-8B4A-11D0-8D11-00A0C91BC942}") = "DPA-template", "..\DPA-template\DPA-template.vcxproj", "{373A68E3-E664-4744-85A1-B7652A7BE23E}"
EndProject
Global
	GlobalSection(SolutionConfigurationPlatforms) = preSolution
		Debug|Win32 = Debug|Win32
		Release|Win32 = Release|Win32
	EndGlobalSection
	GlobalSection(ProjectConfigurationPlatforms) = postSolution
		{DB796E85-0184-46D4-8DDB-AF6C816CAE57}.Debug|Win32.ActiveCfg = Debug|Win32
		{DB796E85-0184-46D4-8DDB-AF6C816CAE57}.Debug|Win32.Build.0 = Debug|Win32
		{DB796E85-0184-46D4-8DDB-AF6C816CAE57}.Release|Win32.ActiveCfg = Release|Win32
		{DB796E85-0184-46D4-8DDB-AF6C816CAE57}.Release|Win32.Build.0 = Release|Win32
		{3AED161B-3670-4BD9-9091-39137152FE1B}.Debug|Win32.ActiveCfg = Debug|Win32
		{3AED161B-3670-4BD9-9091-39137152FE1B}.Debug|Win32.Build.0 = Debug|Win32
		{3AED161B-3670-4BD9-9091-39137152FE1B}.Release|Win32.ActiveCfg = Release|Win32
		{3AED161B-3670-4BD9-9091-39137152FE1B}.Release|Win32.Build.0 = Release|Win32
		{373A68E3-E664-4744-85A1-B7652A7BE23E}.Debug|Win32.ActiveCfg = Debug|Win32
		{373A68E3-E664-4744-85A1-B7652A7BE23E}.Debug|Win32.Build.0 = Debug|Win32
		{373A68E3-E664-4744-85A1-B7652A7BE23E}.Release|Win32.ActiveCfg = Release|Win32
		{373A68E3-E664-4744-85A1-B7652A7BE23E}.Release|Win32.Build.0 = Release|Win32
	EndGlobalSection
	GlobalSection(SolutionProperties) = preSolution
		HideSolutionNode = FALSE
	EndGlobalSection
EndGlobal
