<?xml version="1.0" encoding="utf-8"?>
<Project ToolsVersion="4.0" xmlns="http://schemas.microsoft.com/developer/msbuild/2003">
  <ItemGroup>
    <Filter Include="Source Files">
      <UniqueIdentifier>{4FC737F1-C7A5-4376-A066-2A32D752A2FF}</UniqueIdentifier>
      <Extensions>cpp;c;cc;cxx;def;odl;idl;hpj;bat;asm;asmx</Extensions>
    </Filter>
    <Filter Include="Header Files">
      <UniqueIdentifier>{93995380-89BD-4b04-88EB-625FBE52EBFB}</UniqueIdentifier>
      <Extensions>h;hpp;hxx;hm;inl;inc;xsd</Extensions>
    </Filter>
    <Filter Include="Resource Files">
      <UniqueIdentifier>{67DA6AB6-F800-4c08-8B7A-83BB121AAD01}</UniqueIdentifier>
      <Extensions>rc;ico;cur;bmp;dlg;rc2;rct;bin;rgs;gif;jpg;jpeg;jpe;resx;tiff;tif;png;wav</Extensions>
    </Filter>
    <Filter Include="LOL">
      <UniqueIdentifier>{370a72f8-e880-4700-b762-c78cc9ecc06a}</UniqueIdentifier>
    </Filter>
    <Filter Include="0000000src0000000">
      <UniqueIdentifier>{a9b31a07-9d10-4b82-a3a1-181102045ee8}</UniqueIdentifier>
    </Filter>
    <Filter Include="0000000src0000000\gen_intermediate">
      <UniqueIdentifier>{649b17c8-6216-4ed0-bafe-2095d3bdc248}</UniqueIdentifier>
    </Filter>
    <Filter Include="0000000src0000000\exec">
      <UniqueIdentifier>{28c80034-2eab-4955-800a-309ba4e3f5f1}</UniqueIdentifier>
    </Filter>
    <Filter Include="0000000src0000000\input">
      <UniqueIdentifier>{866591ed-df7e-46f9-81b0-55c1b0dd63b4}</UniqueIdentifier>
    </Filter>
    <Filter Include="0000000src0000000\output">
      <UniqueIdentifier>{06d9d87b-eb34-4a04-b21e-66c78081cc8b}</UniqueIdentifier>
    </Filter>
    <Filter Include="0000000src0000000\gen_powermodel">
      <UniqueIdentifier>{3bd30474-9ecb-4d5f-8779-b2aeb25e7394}</UniqueIdentifier>
    </Filter>
    <Filter Include="0000000src0000000\statisticTest">
      <UniqueIdentifier>{97b9ebf0-602e-481c-8d8a-d197982bd677}</UniqueIdentifier>
    </Filter>
    <Filter Include="0000000src0000000\statisticTest\openCL">
      <UniqueIdentifier>{79889d7e-af0d-4c46-925f-d54ea4212b78}</UniqueIdentifier>
    </Filter>
    <Filter Include="0000000src0000000\statisticTest\tentativas">
      <UniqueIdentifier>{18dd3d6b-6f81-407a-a558-8344c16899d1}</UniqueIdentifier>
    </Filter>
    <Filter Include="cmake">
      <UniqueIdentifier>{0803d863-177a-4cb1-973e-fdadec116970}</UniqueIdentifier>
    </Filter>
  </ItemGroup>
  <ItemGroup>
    <ClCompile Include="dependencies\tclap\examples\test1.cpp">
      <Filter>Source Files</Filter>
    </ClCompile>
    <ClCompile Include="dependencies\tclap\examples\test10.cpp">
      <Filter>Source Files</Filter>
    </ClCompile>
    <ClCompile Include="dependencies\tclap\examples\test11.cpp">
      <Filter>Source Files</Filter>
    </ClCompile>
    <ClCompile Include="dependencies\tclap\examples\test12.cpp">
      <Filter>Source Files</Filter>
    </ClCompile>
    <ClCompile Include="dependencies\tclap\examples\test13.cpp">
      <Filter>Source Files</Filter>
    </ClCompile>
    <ClCompile Include="dependencies\tclap\examples\test14.cpp">
      <Filter>Source Files</Filter>
    </ClCompile>
    <ClCompile Include="dependencies\tclap\examples\test15.cpp">
      <Filter>Source Files</Filter>
    </ClCompile>
    <ClCompile Include="dependencies\tclap\examples\test16.cpp">
      <Filter>Source Files</Filter>
    </ClCompile>
    <ClCompile Include="dependencies\tclap\examples\test17-a.cpp">
      <Filter>Source Files</Filter>
    </ClCompile>
    <ClCompile Include="dependencies\tclap\examples\test17.cpp">
      <Filter>Source Files</Filter>
    </ClCompile>
    <ClCompile Include="dependencies\tclap\examples\test18.cpp">
      <Filter>Source Files</Filter>
    </ClCompile>
    <ClCompile Include="dependencies\tclap\examples\test19.cpp">
      <Filter>Source Files</Filter>
    </ClCompile>
    <ClCompile Include="dependencies\tclap\examples\test2.cpp">
      <Filter>Source Files</Filter>
    </ClCompile>
    <ClCompile Include="dependencies\tclap\examples\test20.cpp">
      <Filter>Source Files</Filter>
    </ClCompile>
    <ClCompile Include="dependencies\tclap\examples\test21.cpp">
      <Filter>Source Files</Filter>
    </ClCompile>
    <ClCompile Include="dependencies\tclap\examples\test3.cpp">
      <Filter>Source Files</Filter>
    </ClCompile>
    <ClCompile Include="dependencies\tclap\examples\test4.cpp">
      <Filter>Source Files</Filter>
    </ClCompile>
    <ClCompile Include="dependencies\tclap\examples\test5.cpp">
      <Filter>Source Files</Filter>
    </ClCompile>
    <ClCompile Include="dependencies\tclap\examples\test6.cpp">
      <Filter>Source Files</Filter>
    </ClCompile>
    <ClCompile Include="dependencies\tclap\examples\test7.cpp">
      <Filter>Source Files</Filter>
    </ClCompile>
    <ClCompile Include="dependencies\tclap\examples\test8.cpp">
      <Filter>Source Files</Filter>
    </ClCompile>
    <ClCompile Include="dependencies\tclap\examples\test9.cpp">
      <Filter>Source Files</Filter>
    </ClCompile>
    <ClCompile Include="kconfig\kconfig\scripts\basic\fixdep.c">
      <Filter>Source Files</Filter>
    </ClCompile>
    <ClCompile Include="kconfig\kconfig\scripts\kconfig\qconf.cc">
      <Filter>Source Files</Filter>
    </ClCompile>
    <ClCompile Include="kconfig\kconfig\scripts\kconfig\conf.c">
      <Filter>Source Files</Filter>
    </ClCompile>
    <ClCompile Include="kconfig\kconfig\scripts\kconfig\confdata.c">
      <Filter>Source Files</Filter>
    </ClCompile>
    <ClCompile Include="kconfig\kconfig\scripts\kconfig\expr.c">
      <Filter>Source Files</Filter>
    </ClCompile>
    <ClCompile Include="kconfig\kconfig\scripts\kconfig\gconf.c">
      <Filter>Source Files</Filter>
    </ClCompile>
    <ClCompile Include="kconfig\kconfig\scripts\kconfig\images.c">
      <Filter>Source Files</Filter>
    </ClCompile>
    <ClCompile Include="kconfig\kconfig\scripts\kconfig\kconfig_load.c">
      <Filter>Source Files</Filter>
    </ClCompile>
    <ClCompile Include="kconfig\kconfig\scripts\kconfig\kxgettext.c">
      <Filter>Source Files</Filter>
    </ClCompile>
    <ClCompile Include="kconfig\kconfig\scripts\kconfig\lex.zconf.c">
      <Filter>Source Files</Filter>
    </ClCompile>
    <ClCompile Include="kconfig\kconfig\scripts\kconfig\mconf.c">
      <Filter>Source Files</Filter>
    </ClCompile>
    <ClCompile Include="kconfig\kconfig\scripts\kconfig\menu.c">
      <Filter>Source Files</Filter>
    </ClCompile>
    <ClCompile Include="kconfig\kconfig\scripts\kconfig\nconf.c">
      <Filter>Source Files</Filter>
    </ClCompile>
    <ClCompile Include="kconfig\kconfig\scripts\kconfig\nconf.gui.c">
      <Filter>Source Files</Filter>
    </ClCompile>
    <ClCompile Include="kconfig\kconfig\scripts\kconfig\symbol.c">
      <Filter>Source Files</Filter>
    </ClCompile>
    <ClCompile Include="kconfig\kconfig\scripts\kconfig\util.c">
      <Filter>Source Files</Filter>
    </ClCompile>
    <ClCompile Include="kconfig\kconfig\scripts\kconfig\zconf.hash.c">
      <Filter>Source Files</Filter>
    </ClCompile>
    <ClCompile Include="kconfig\kconfig\scripts\kconfig\zconf.tab.c">
      <Filter>Source Files</Filter>
    </ClCompile>
    <ClCompile Include="kconfig\kconfig\scripts\kconfig\lxdialog\checklist.c">
      <Filter>Source Files</Filter>
    </ClCompile>
    <ClCompile Include="kconfig\kconfig\scripts\kconfig\lxdialog\inputbox.c">
      <Filter>Source Files</Filter>
    </ClCompile>
    <ClCompile Include="kconfig\kconfig\scripts\kconfig\lxdialog\menubox.c">
      <Filter>Source Files</Filter>
    </ClCompile>
    <ClCompile Include="kconfig\kconfig\scripts\kconfig\lxdialog\textbox.c">
      <Filter>Source Files</Filter>
    </ClCompile>
    <ClCompile Include="kconfig\kconfig\scripts\kconfig\lxdialog\util.c">
      <Filter>Source Files</Filter>
    </ClCompile>
    <ClCompile Include="kconfig\kconfig\scripts\kconfig\lxdialog\yesno.c">
      <Filter>Source Files</Filter>
    </ClCompile>
    <ClCompile Include="out\cmakefiles\compileridc\CMakeCCompilerId.c">
      <Filter>Source Files</Filter>
    </ClCompile>
    <ClCompile Include="out\cmakefiles\compileridcxx\CMakeCXXCompilerId.cpp">
      <Filter>Source Files</Filter>
    </ClCompile>
    <ClCompile Include="src\main.cpp">
      <Filter>0000000src0000000</Filter>
    </ClCompile>
    <ClCompile Include="src\gen_intermediate\aes.c">
      <Filter>0000000src0000000\gen_intermediate</Filter>
    </ClCompile>
    <ClCompile Include="src\gen_intermediate\aes128round1.cpp">
      <Filter>0000000src0000000\gen_intermediate</Filter>
    </ClCompile>
    <ClCompile Include="src\gen_intermediate\aes_constants.c">
      <Filter>0000000src0000000\gen_intermediate</Filter>
    </ClCompile>
    <ClCompile Include="src\gen_intermediate\aes_helpers.c">
      <Filter>0000000src0000000\gen_intermediate</Filter>
    </ClCompile>
    <ClCompile Include="src\gen_intermediate\aes_primitives.c">
      <Filter>0000000src0000000\gen_intermediate</Filter>
    </ClCompile>
    <ClCompile Include="src\exec\bbque.cpp">
      <Filter>0000000src0000000\exec</Filter>
    </ClCompile>
    <ClCompile Include="src\input\bin1.cpp">
      <Filter>0000000src0000000\input</Filter>
    </ClCompile>
    <ClCompile Include="src\exec\cxx11threads.cpp">
      <Filter>0000000src0000000\exec</Filter>
    </ClCompile>
    <ClCompile Include="src\utils.cpp">
      <Filter>0000000src0000000</Filter>
    </ClCompile>
    <ClCompile Include="src\gen_powermodel\hammingweight.cpp">
      <Filter>0000000src0000000\gen_powermodel</Filter>
    </ClCompile>
    <ClCompile Include="src\exec\seq_monocore.cpp">
      <Filter>0000000src0000000\exec</Filter>
    </ClCompile>
    <ClCompile Include="src\utilsOpenCL.cpp">
      <Filter>0000000src0000000</Filter>
    </ClCompile>
    <ClCompile Include="src\statisticaltest\openCL\openCLPlatform.cpp">
      <Filter>0000000src0000000\statisticTest\openCL</Filter>
    </ClCompile>
    <ClCompile Include="src\statisticaltest\tentativasEmC\pearsonGPU.cpp">
      <Filter>0000000src0000000\statisticTest\tentativas</Filter>
    </ClCompile>
    <ClCompile Include="src\statisticaltest\tentativasEmC\pearsonGPUredCPU.cpp">
      <Filter>0000000src0000000\statisticTest\tentativas</Filter>
    </ClCompile>
    <ClCompile Include="src\statisticaltest\tentativasEmC\pearsonNormGPUoldNotWorking.cpp">
      <Filter>0000000src0000000\statisticTest\tentativas</Filter>
    </ClCompile>
    <ClCompile Include="src\statisticaltest\pearsonNormWithGPU2.cpp">
      <Filter>0000000src0000000\statisticTest</Filter>
    </ClCompile>
    <ClCompile Include="src\statisticaltest\pearsonNormWithGPUeCPU.cpp">
      <Filter>0000000src0000000\statisticTest</Filter>
    </ClCompile>
    <ClCompile Include="src\output\coarseresult.cpp">
      <Filter>0000000src0000000\output</Filter>
    </ClCompile>
  </ItemGroup>
  <ItemGroup>
    <ClInclude Include="dependencies\tclap\config\config.h">
      <Filter>Header Files</Filter>
    </ClInclude>
    <ClInclude Include="dependencies\tclap\include\tclap\Arg.h">
      <Filter>Header Files</Filter>
    </ClInclude>
    <ClInclude Include="dependencies\tclap\include\tclap\ArgException.h">
      <Filter>Header Files</Filter>
    </ClInclude>
    <ClInclude Include="dependencies\tclap\include\tclap\ArgTraits.h">
      <Filter>Header Files</Filter>
    </ClInclude>
    <ClInclude Include="dependencies\tclap\include\tclap\CmdLine.h">
      <Filter>Header Files</Filter>
    </ClInclude>
    <ClInclude Include="dependencies\tclap\include\tclap\CmdLineInterface.h">
      <Filter>Header Files</Filter>
    </ClInclude>
    <ClInclude Include="dependencies\tclap\include\tclap\CmdLineOutput.h">
      <Filter>Header Files</Filter>
    </ClInclude>
    <ClInclude Include="dependencies\tclap\include\tclap\Constraint.h">
      <Filter>Header Files</Filter>
    </ClInclude>
    <ClInclude Include="dependencies\tclap\include\tclap\DocBookOutput.h">
      <Filter>Header Files</Filter>
    </ClInclude>
    <ClInclude Include="dependencies\tclap\include\tclap\HelpVisitor.h">
      <Filter>Header Files</Filter>
    </ClInclude>
    <ClInclude Include="dependencies\tclap\include\tclap\IgnoreRestVisitor.h">
      <Filter>Header Files</Filter>
    </ClInclude>
    <ClInclude Include="dependencies\tclap\include\tclap\MultiArg.h">
      <Filter>Header Files</Filter>
    </ClInclude>
    <ClInclude Include="dependencies\tclap\include\tclap\MultiSwitchArg.h">
      <Filter>Header Files</Filter>
    </ClInclude>
    <ClInclude Include="dependencies\tclap\include\tclap\OptionalUnlabeledTracker.h">
      <Filter>Header Files</Filter>
    </ClInclude>
    <ClInclude Include="dependencies\tclap\include\tclap\StandardTraits.h">
      <Filter>Header Files</Filter>
    </ClInclude>
    <ClInclude Include="dependencies\tclap\include\tclap\StdOutput.h">
      <Filter>Header Files</Filter>
    </ClInclude>
    <ClInclude Include="dependencies\tclap\include\tclap\SwitchArg.h">
      <Filter>Header Files</Filter>
    </ClInclude>
    <ClInclude Include="dependencies\tclap\include\tclap\UnlabeledMultiArg.h">
      <Filter>Header Files</Filter>
    </ClInclude>
    <ClInclude Include="dependencies\tclap\include\tclap\UnlabeledValueArg.h">
      <Filter>Header Files</Filter>
    </ClInclude>
    <ClInclude Include="dependencies\tclap\include\tclap\ValueArg.h">
      <Filter>Header Files</Filter>
    </ClInclude>
    <ClInclude Include="dependencies\tclap\include\tclap\ValuesConstraint.h">
      <Filter>Header Files</Filter>
    </ClInclude>
    <ClInclude Include="dependencies\tclap\include\tclap\VersionVisitor.h">
      <Filter>Header Files</Filter>
    </ClInclude>
    <ClInclude Include="dependencies\tclap\include\tclap\Visitor.h">
      <Filter>Header Files</Filter>
    </ClInclude>
    <ClInclude Include="dependencies\tclap\include\tclap\XorHandler.h">
      <Filter>Header Files</Filter>
    </ClInclude>
    <ClInclude Include="dependencies\tclap\include\tclap\ZshCompletionOutput.h">
      <Filter>Header Files</Filter>
    </ClInclude>
    <ClInclude Include="kconfig\kconfig\scripts\kconfig\expr.h">
      <Filter>Header Files</Filter>
    </ClInclude>
    <ClInclude Include="kconfig\kconfig\scripts\kconfig\lkc.h">
      <Filter>Header Files</Filter>
    </ClInclude>
    <ClInclude Include="kconfig\kconfig\scripts\kconfig\lkc_proto.h">
      <Filter>Header Files</Filter>
    </ClInclude>
    <ClInclude Include="kconfig\kconfig\scripts\kconfig\nconf.h">
      <Filter>Header Files</Filter>
    </ClInclude>
    <ClInclude Include="kconfig\kconfig\scripts\kconfig\qconf.h">
      <Filter>Header Files</Filter>
    </ClInclude>
    <ClInclude Include="kconfig\kconfig\scripts\kconfig\lxdialog\dialog.h">
      <Filter>Header Files</Filter>
    </ClInclude>
    <ClInclude Include="src\gen_intermediate\aes.h">
      <Filter>0000000src0000000\gen_intermediate</Filter>
    </ClInclude>
    <ClInclude Include="src\gen_intermediate\aes128round1.hpp">
      <Filter>0000000src0000000\gen_intermediate</Filter>
    </ClInclude>
    <ClInclude Include="src\gen_intermediate\aes_constants.h">
      <Filter>0000000src0000000\gen_intermediate</Filter>
    </ClInclude>
    <ClInclude Include="src\gen_intermediate\aes_helpers.h">
      <Filter>0000000src0000000\gen_intermediate</Filter>
    </ClInclude>
    <ClInclude Include="src\gen_intermediate\aes_primitives.h">
      <Filter>0000000src0000000\gen_intermediate</Filter>
    </ClInclude>
    <ClInclude Include="src\gen_intermediate\aes_structs.h">
      <Filter>0000000src0000000\gen_intermediate</Filter>
    </ClInclude>
    <ClInclude Include="src\input\base.hpp">
      <Filter>0000000src0000000\input</Filter>
    </ClInclude>
    <ClInclude Include="src\input\bin1.hpp">
      <Filter>0000000src0000000\input</Filter>
    </ClInclude>
    <ClInclude Include="src\exec\bbque.hpp">
      <Filter>0000000src0000000\exec</Filter>
    </ClInclude>
    <ClInclude Include="src\gen_powermodel\base.hpp">
      <Filter>0000000src0000000\gen_powermodel</Filter>
    </ClInclude>
    <ClInclude Include="src\gen_intermediate\base.hpp">
      <Filter>0000000src0000000\gen_intermediate</Filter>
    </ClInclude>
    <ClInclude Include="src\exec\base.hpp">
      <Filter>0000000src0000000\exec</Filter>
    </ClInclude>
    <ClInclude Include="src\statisticaltest\base.hpp">
      <Filter>0000000src0000000\statisticTest</Filter>
    </ClInclude>
    <ClInclude Include="src\exec\cxx11threads.hpp">
      <Filter>0000000src0000000\exec</Filter>
    </ClInclude>
    <ClInclude Include="src\dpacalc.h">
      <Filter>0000000src0000000</Filter>
    </ClInclude>
    <ClInclude Include="src\gen_powermodel\hammingweight.hpp">
      <Filter>0000000src0000000\gen_powermodel</Filter>
    </ClInclude>
    <ClInclude Include="src\utils.hpp">
      <Filter>0000000src0000000</Filter>
    </ClInclude>
    <ClInclude Include="src\exec\seq_monocore.hpp">
      <Filter>0000000src0000000\exec</Filter>
    </ClInclude>
    <ClInclude Include="src\main.hpp">
      <Filter>0000000src0000000</Filter>
    </ClInclude>
    <ClInclude Include="src\config.h">
      <Filter>0000000src0000000</Filter>
    </ClInclude>
    <ClInclude Include="src\includes.h">
      <Filter>0000000src0000000</Filter>
    </ClInclude>
    <ClInclude Include="src\utilsOpenCL.hpp">
      <Filter>0000000src0000000</Filter>
    </ClInclude>
    <ClInclude Include="src\statisticaltest\openCL\openCLPlatform.hpp">
      <Filter>0000000src0000000\statisticTest\openCL</Filter>
    </ClInclude>
    <ClInclude Include="src\statisticaltest\tentativasEmC\pearsonGPU.hpp">
      <Filter>0000000src0000000\statisticTest\tentativas</Filter>
    </ClInclude>
    <ClInclude Include="src\statisticaltest\tentativasEmC\pearsonGPUredCPU.hpp">
      <Filter>0000000src0000000\statisticTest\tentativas</Filter>
    </ClInclude>
    <ClInclude Include="src\statisticaltest\tentativasEmC\pearsonNormGPUoldNotWorking.hpp">
      <Filter>0000000src0000000\statisticTest\tentativas</Filter>
    </ClInclude>
    <ClInclude Include="src\statisticaltest\pearsonNormWithGPU2.hpp">
      <Filter>0000000src0000000\statisticTest</Filter>
    </ClInclude>
    <ClInclude Include="src\statisticaltest\pearsonNormWithGPUeCPU.hpp">
      <Filter>0000000src0000000\statisticTest</Filter>
    </ClInclude>
    <ClInclude Include="src\timerUtil.hpp">
      <Filter>0000000src0000000</Filter>
    </ClInclude>
    <ClInclude Include="src\statisticaltest\openCL\profileOpenCLCommand.hpp">
      <Filter>0000000src0000000\statisticTest\openCL</Filter>
    </ClInclude>
    <ClInclude Include="src\profileEventsNames.h">
      <Filter>0000000src0000000</Filter>
    </ClInclude>
    <ClInclude Include="src\output\base.hpp">
      <Filter>0000000src0000000\output</Filter>
    </ClInclude>
    <ClInclude Include="src\output\coarseresult.hpp">
      <Filter>0000000src0000000\output</Filter>
    </ClInclude>
  </ItemGroup>
  <ItemGroup>
    <None Include="out\cmakefiles\CMakeDetermineCompilerABI_C.bin">
      <Filter>Resource Files</Filter>
    </None>
    <None Include="out\cmakefiles\CMakeDetermineCompilerABI_CXX.bin">
      <Filter>Resource Files</Filter>
    </None>
    <None Include="dependencies\tclap\docs\html\annotated.html">
      <Filter>LOL</Filter>
    </None>
    <None Include="dependencies\tclap\docs\html\Arg_8h.html">
      <Filter>LOL</Filter>
    </None>
    <None Include="dependencies\tclap\docs\html\Arg_8h_source.html">
      <Filter>LOL</Filter>
    </None>
    <None Include="dependencies\tclap\docs\html\ArgException_8h.html">
      <Filter>LOL</Filter>
    </None>
    <None Include="dependencies\tclap\docs\html\ArgException_8h_source.html">
      <Filter>LOL</Filter>
    </None>
    <None Include="dependencies\tclap\docs\html\ArgTraits_8h.html">
      <Filter>LOL</Filter>
    </None>
    <None Include="dependencies\tclap\docs\html\ArgTraits_8h_source.html">
      <Filter>LOL</Filter>
    </None>
    <None Include="dependencies\tclap\docs\html\classes.html">
      <Filter>LOL</Filter>
    </None>
    <None Include="dependencies\tclap\docs\html\classTCLAP_1_1Arg-members.html">
      <Filter>LOL</Filter>
    </None>
    <None Include="dependencies\tclap\docs\html\classTCLAP_1_1Arg.html">
      <Filter>LOL</Filter>
    </None>
    <None Include="dependencies\tclap\docs\html\classTCLAP_1_1ArgException-members.html">
      <Filter>LOL</Filter>
    </None>
    <None Include="dependencies\tclap\docs\html\classTCLAP_1_1ArgException.html">
      <Filter>LOL</Filter>
    </None>
    <None Include="dependencies\tclap\docs\html\classTCLAP_1_1ArgParseException-members.html">
      <Filter>LOL</Filter>
    </None>
    <None Include="dependencies\tclap\docs\html\classTCLAP_1_1ArgParseException.html">
      <Filter>LOL</Filter>
    </None>
    <None Include="dependencies\tclap\docs\html\classTCLAP_1_1CmdLine-members.html">
      <Filter>LOL</Filter>
    </None>
    <None Include="dependencies\tclap\docs\html\classTCLAP_1_1CmdLine.html">
      <Filter>LOL</Filter>
    </None>
    <None Include="dependencies\tclap\docs\html\classTCLAP_1_1CmdLineInterface-members.html">
      <Filter>LOL</Filter>
    </None>
    <None Include="dependencies\tclap\docs\html\classTCLAP_1_1CmdLineInterface.html">
      <Filter>LOL</Filter>
    </None>
    <None Include="dependencies\tclap\docs\html\classTCLAP_1_1CmdLineOutput-members.html">
      <Filter>LOL</Filter>
    </None>
    <None Include="dependencies\tclap\docs\html\classTCLAP_1_1CmdLineOutput.html">
      <Filter>LOL</Filter>
    </None>
    <None Include="dependencies\tclap\docs\html\classTCLAP_1_1CmdLineParseException-members.html">
      <Filter>LOL</Filter>
    </None>
    <None Include="dependencies\tclap\docs\html\classTCLAP_1_1CmdLineParseException.html">
      <Filter>LOL</Filter>
    </None>
    <None Include="dependencies\tclap\docs\html\classTCLAP_1_1Constraint-members.html">
      <Filter>LOL</Filter>
    </None>
    <None Include="dependencies\tclap\docs\html\classTCLAP_1_1Constraint.html">
      <Filter>LOL</Filter>
    </None>
    <None Include="dependencies\tclap\docs\html\classTCLAP_1_1DocBookOutput-members.html">
      <Filter>LOL</Filter>
    </None>
    <None Include="dependencies\tclap\docs\html\classTCLAP_1_1DocBookOutput.html">
      <Filter>LOL</Filter>
    </None>
    <None Include="dependencies\tclap\docs\html\classTCLAP_1_1ExitException-members.html">
      <Filter>LOL</Filter>
    </None>
    <None Include="dependencies\tclap\docs\html\classTCLAP_1_1ExitException.html">
      <Filter>LOL</Filter>
    </None>
    <None Include="dependencies\tclap\docs\html\classTCLAP_1_1HelpVisitor-members.html">
      <Filter>LOL</Filter>
    </None>
    <None Include="dependencies\tclap\docs\html\classTCLAP_1_1HelpVisitor.html">
      <Filter>LOL</Filter>
    </None>
    <None Include="dependencies\tclap\docs\html\classTCLAP_1_1IgnoreRestVisitor-members.html">
      <Filter>LOL</Filter>
    </None>
    <None Include="dependencies\tclap\docs\html\classTCLAP_1_1IgnoreRestVisitor.html">
      <Filter>LOL</Filter>
    </None>
    <None Include="dependencies\tclap\docs\html\classTCLAP_1_1MultiArg-members.html">
      <Filter>LOL</Filter>
    </None>
    <None Include="dependencies\tclap\docs\html\classTCLAP_1_1MultiArg.html">
      <Filter>LOL</Filter>
    </None>
    <None Include="dependencies\tclap\docs\html\classTCLAP_1_1MultiSwitchArg-members.html">
      <Filter>LOL</Filter>
    </None>
    <None Include="dependencies\tclap\docs\html\classTCLAP_1_1MultiSwitchArg.html">
      <Filter>LOL</Filter>
    </None>
    <None Include="dependencies\tclap\docs\html\classTCLAP_1_1OptionalUnlabeledTracker-members.html">
      <Filter>LOL</Filter>
    </None>
    <None Include="dependencies\tclap\docs\html\classTCLAP_1_1OptionalUnlabeledTracker.html">
      <Filter>LOL</Filter>
    </None>
    <None Include="dependencies\tclap\docs\html\classTCLAP_1_1SpecificationException-members.html">
      <Filter>LOL</Filter>
    </None>
    <None Include="dependencies\tclap\docs\html\classTCLAP_1_1SpecificationException.html">
      <Filter>LOL</Filter>
    </None>
    <None Include="dependencies\tclap\docs\html\classTCLAP_1_1StdOutput-members.html">
      <Filter>LOL</Filter>
    </None>
    <None Include="dependencies\tclap\docs\html\classTCLAP_1_1StdOutput.html">
      <Filter>LOL</Filter>
    </None>
    <None Include="dependencies\tclap\docs\html\classTCLAP_1_1SwitchArg-members.html">
      <Filter>LOL</Filter>
    </None>
    <None Include="dependencies\tclap\docs\html\classTCLAP_1_1SwitchArg.html">
      <Filter>LOL</Filter>
    </None>
    <None Include="dependencies\tclap\docs\html\classTCLAP_1_1UnlabeledMultiArg-members.html">
      <Filter>LOL</Filter>
    </None>
    <None Include="dependencies\tclap\docs\html\classTCLAP_1_1UnlabeledMultiArg.html">
      <Filter>LOL</Filter>
    </None>
    <None Include="dependencies\tclap\docs\html\classTCLAP_1_1UnlabeledValueArg-members.html">
      <Filter>LOL</Filter>
    </None>
    <None Include="dependencies\tclap\docs\html\classTCLAP_1_1UnlabeledValueArg.html">
      <Filter>LOL</Filter>
    </None>
    <None Include="dependencies\tclap\docs\html\classTCLAP_1_1ValueArg-members.html">
      <Filter>LOL</Filter>
    </None>
    <None Include="dependencies\tclap\docs\html\classTCLAP_1_1ValueArg.html">
      <Filter>LOL</Filter>
    </None>
    <None Include="dependencies\tclap\docs\html\classTCLAP_1_1ValuesConstraint-members.html">
      <Filter>LOL</Filter>
    </None>
    <None Include="dependencies\tclap\docs\html\classTCLAP_1_1ValuesConstraint.html">
      <Filter>LOL</Filter>
    </None>
    <None Include="dependencies\tclap\docs\html\classTCLAP_1_1VersionVisitor-members.html">
      <Filter>LOL</Filter>
    </None>
    <None Include="dependencies\tclap\docs\html\classTCLAP_1_1VersionVisitor.html">
      <Filter>LOL</Filter>
    </None>
    <None Include="dependencies\tclap\docs\html\classTCLAP_1_1Visitor-members.html">
      <Filter>LOL</Filter>
    </None>
    <None Include="dependencies\tclap\docs\html\classTCLAP_1_1Visitor.html">
      <Filter>LOL</Filter>
    </None>
    <None Include="dependencies\tclap\docs\html\classTCLAP_1_1XorHandler-members.html">
      <Filter>LOL</Filter>
    </None>
    <None Include="dependencies\tclap\docs\html\classTCLAP_1_1XorHandler.html">
      <Filter>LOL</Filter>
    </None>
    <None Include="dependencies\tclap\docs\html\classTCLAP_1_1ZshCompletionOutput-members.html">
      <Filter>LOL</Filter>
    </None>
    <None Include="dependencies\tclap\docs\html\classTCLAP_1_1ZshCompletionOutput.html">
      <Filter>LOL</Filter>
    </None>
    <None Include="dependencies\tclap\docs\html\CmdLine_8h.html">
      <Filter>LOL</Filter>
    </None>
    <None Include="dependencies\tclap\docs\html\CmdLine_8h_source.html">
      <Filter>LOL</Filter>
    </None>
    <None Include="dependencies\tclap\docs\html\CmdLineInterface_8h.html">
      <Filter>LOL</Filter>
    </None>
    <None Include="dependencies\tclap\docs\html\CmdLineInterface_8h_source.html">
      <Filter>LOL</Filter>
    </None>
    <None Include="dependencies\tclap\docs\html\CmdLineOutput_8h.html">
      <Filter>LOL</Filter>
    </None>
    <None Include="dependencies\tclap\docs\html\CmdLineOutput_8h_source.html">
      <Filter>LOL</Filter>
    </None>
    <None Include="dependencies\tclap\docs\html\Constraint_8h.html">
      <Filter>LOL</Filter>
    </None>
    <None Include="dependencies\tclap\docs\html\Constraint_8h_source.html">
      <Filter>LOL</Filter>
    </None>
    <None Include="out\cmakefiles\dpacalc.dir\CXX.includecache">
      <Filter>LOL</Filter>
    </None>
    <None Include="dependencies\tclap\docs\html\DocBookOutput_8h.html">
      <Filter>LOL</Filter>
    </None>
    <None Include="dependencies\tclap\docs\html\DocBookOutput_8h_source.html">
      <Filter>LOL</Filter>
    </None>
    <None Include="dependencies\tclap\docs\html\files.html">
      <Filter>LOL</Filter>
    </None>
    <None Include="dependencies\tclap\docs\html\functions.html">
      <Filter>LOL</Filter>
    </None>
    <None Include="dependencies\tclap\docs\html\functions_0x61.html">
      <Filter>LOL</Filter>
    </None>
    <None Include="dependencies\tclap\docs\html\functions_0x62.html">
      <Filter>LOL</Filter>
    </None>
    <None Include="dependencies\tclap\docs\html\functions_0x63.html">
      <Filter>LOL</Filter>
    </None>
    <None Include="dependencies\tclap\docs\html\functions_0x64.html">
      <Filter>LOL</Filter>
    </None>
    <None Include="dependencies\tclap\docs\html\functions_0x65.html">
      <Filter>LOL</Filter>
    </None>
    <None Include="dependencies\tclap\docs\html\functions_0x66.html">
      <Filter>LOL</Filter>
    </None>
    <None Include="dependencies\tclap\docs\html\functions_0x67.html">
      <Filter>LOL</Filter>
    </None>
    <None Include="dependencies\tclap\docs\html\functions_0x68.html">
      <Filter>LOL</Filter>
    </None>
    <None Include="dependencies\tclap\docs\html\functions_0x69.html">
      <Filter>LOL</Filter>
    </None>
    <None Include="dependencies\tclap\docs\html\functions_0x6c.html">
      <Filter>LOL</Filter>
    </None>
    <None Include="dependencies\tclap\docs\html\functions_0x6d.html">
      <Filter>LOL</Filter>
    </None>
    <None Include="dependencies\tclap\docs\html\functions_0x6e.html">
      <Filter>LOL</Filter>
    </None>
    <None Include="dependencies\tclap\docs\html\functions_0x6f.html">
      <Filter>LOL</Filter>
    </None>
    <None Include="dependencies\tclap\docs\html\functions_0x70.html">
      <Filter>LOL</Filter>
    </None>
    <None Include="dependencies\tclap\docs\html\functions_0x71.html">
      <Filter>LOL</Filter>
    </None>
    <None Include="dependencies\tclap\docs\html\functions_0x72.html">
      <Filter>LOL</Filter>
    </None>
    <None Include="dependencies\tclap\docs\html\functions_0x73.html">
      <Filter>LOL</Filter>
    </None>
    <None Include="dependencies\tclap\docs\html\functions_0x74.html">
      <Filter>LOL</Filter>
    </None>
    <None Include="dependencies\tclap\docs\html\functions_0x75.html">
      <Filter>LOL</Filter>
    </None>
    <None Include="dependencies\tclap\docs\html\functions_0x76.html">
      <Filter>LOL</Filter>
    </None>
    <None Include="dependencies\tclap\docs\html\functions_0x77.html">
      <Filter>LOL</Filter>
    </None>
    <None Include="dependencies\tclap\docs\html\functions_0x78.html">
      <Filter>LOL</Filter>
    </None>
    <None Include="dependencies\tclap\docs\html\functions_0x7a.html">
      <Filter>LOL</Filter>
    </None>
    <None Include="dependencies\tclap\docs\html\functions_0x7e.html">
      <Filter>LOL</Filter>
    </None>
    <None Include="dependencies\tclap\docs\html\functions_func.html">
      <Filter>LOL</Filter>
    </None>
    <None Include="dependencies\tclap\docs\html\functions_func_0x61.html">
      <Filter>LOL</Filter>
    </None>
    <None Include="dependencies\tclap\docs\html\functions_func_0x62.html">
      <Filter>LOL</Filter>
    </None>
    <None Include="dependencies\tclap\docs\html\functions_func_0x63.html">
      <Filter>LOL</Filter>
    </None>
    <None Include="dependencies\tclap\docs\html\functions_func_0x64.html">
      <Filter>LOL</Filter>
    </None>
    <None Include="dependencies\tclap\docs\html\functions_func_0x65.html">
      <Filter>LOL</Filter>
    </None>
    <None Include="dependencies\tclap\docs\html\functions_func_0x66.html">
      <Filter>LOL</Filter>
    </None>
    <None Include="dependencies\tclap\docs\html\functions_func_0x67.html">
      <Filter>LOL</Filter>
    </None>
    <None Include="dependencies\tclap\docs\html\functions_func_0x68.html">
      <Filter>LOL</Filter>
    </None>
    <None Include="dependencies\tclap\docs\html\functions_func_0x69.html">
      <Filter>LOL</Filter>
    </None>
    <None Include="dependencies\tclap\docs\html\functions_func_0x6c.html">
      <Filter>LOL</Filter>
    </None>
    <None Include="dependencies\tclap\docs\html\functions_func_0x6d.html">
      <Filter>LOL</Filter>
    </None>
    <None Include="dependencies\tclap\docs\html\functions_func_0x6e.html">
      <Filter>LOL</Filter>
    </None>
    <None Include="dependencies\tclap\docs\html\functions_func_0x6f.html">
      <Filter>LOL</Filter>
    </None>
    <None Include="dependencies\tclap\docs\html\functions_func_0x70.html">
      <Filter>LOL</Filter>
    </None>
    <None Include="dependencies\tclap\docs\html\functions_func_0x71.html">
      <Filter>LOL</Filter>
    </None>
    <None Include="dependencies\tclap\docs\html\functions_func_0x72.html">
      <Filter>LOL</Filter>
    </None>
    <None Include="dependencies\tclap\docs\html\functions_func_0x73.html">
      <Filter>LOL</Filter>
    </None>
    <None Include="dependencies\tclap\docs\html\functions_func_0x74.html">
      <Filter>LOL</Filter>
    </None>
    <None Include="dependencies\tclap\docs\html\functions_func_0x75.html">
      <Filter>LOL</Filter>
    </None>
    <None Include="dependencies\tclap\docs\html\functions_func_0x76.html">
      <Filter>LOL</Filter>
    </None>
    <None Include="dependencies\tclap\docs\html\functions_func_0x77.html">
      <Filter>LOL</Filter>
    </None>
    <None Include="dependencies\tclap\docs\html\functions_func_0x78.html">
      <Filter>LOL</Filter>
    </None>
    <None Include="dependencies\tclap\docs\html\functions_func_0x7a.html">
      <Filter>LOL</Filter>
    </None>
    <None Include="dependencies\tclap\docs\html\functions_func_0x7e.html">
      <Filter>LOL</Filter>
    </None>
    <None Include="dependencies\tclap\docs\html\functions_type.html">
      <Filter>LOL</Filter>
    </None>
    <None Include="dependencies\tclap\docs\html\functions_vars.html">
      <Filter>LOL</Filter>
    </None>
    <None Include="dependencies\tclap\docs\html\globals.html">
      <Filter>LOL</Filter>
    </None>
    <None Include="dependencies\tclap\docs\html\globals_defs.html">
      <Filter>LOL</Filter>
    </None>
    <None Include="dependencies\tclap\docs\html\globals_type.html">
      <Filter>LOL</Filter>
    </None>
    <None Include="dependencies\tclap\docs\html\HelpVisitor_8h.html">
      <Filter>LOL</Filter>
    </None>
    <None Include="dependencies\tclap\docs\html\HelpVisitor_8h_source.html">
      <Filter>LOL</Filter>
    </None>
    <None Include="dependencies\tclap\docs\html\hierarchy.html">
      <Filter>LOL</Filter>
    </None>
    <None Include="dependencies\tclap\docs\html\IgnoreRestVisitor_8h.html">
      <Filter>LOL</Filter>
    </None>
    <None Include="dependencies\tclap\docs\html\IgnoreRestVisitor_8h_source.html">
      <Filter>LOL</Filter>
    </None>
    <None Include="dependencies\tclap\docs\html\index.html">
      <Filter>LOL</Filter>
    </None>
    <None Include="dependencies\tclap\docs\index.html">
      <Filter>LOL</Filter>
    </None>
    <None Include="kconfig\kconfig\scripts\Kbuild.include">
      <Filter>LOL</Filter>
    </None>
    <None Include="dependencies\tclap\docs\manual.html">
      <Filter>LOL</Filter>
    </None>
    <None Include="dependencies\tclap\docs\html\MultiArg_8h.html">
      <Filter>LOL</Filter>
    </None>
    <None Include="dependencies\tclap\docs\html\MultiArg_8h_source.html">
      <Filter>LOL</Filter>
    </None>
    <None Include="dependencies\tclap\docs\html\MultiSwitchArg_8h.html">
      <Filter>LOL</Filter>
    </None>
    <None Include="dependencies\tclap\docs\html\MultiSwitchArg_8h_source.html">
      <Filter>LOL</Filter>
    </None>
    <None Include="dependencies\tclap\docs\html\namespacemembers.html">
      <Filter>LOL</Filter>
    </None>
    <None Include="dependencies\tclap\docs\html\namespacemembers_func.html">
      <Filter>LOL</Filter>
    </None>
    <None Include="dependencies\tclap\docs\html\namespacemembers_type.html">
      <Filter>LOL</Filter>
    </None>
    <None Include="dependencies\tclap\docs\html\namespaces.html">
      <Filter>LOL</Filter>
    </None>
    <None Include="dependencies\tclap\docs\html\namespaceTCLAP.html">
      <Filter>LOL</Filter>
    </None>
    <None Include="dependencies\tclap\docs\html\OptionalUnlabeledTracker_8h.html">
      <Filter>LOL</Filter>
    </None>
    <None Include="dependencies\tclap\docs\html\OptionalUnlabeledTracker_8h_source.html">
      <Filter>LOL</Filter>
    </None>
    <None Include="dependencies\tclap\docs\html\StandardTraits_8h.html">
      <Filter>LOL</Filter>
    </None>
    <None Include="dependencies\tclap\docs\html\StandardTraits_8h_source.html">
      <Filter>LOL</Filter>
    </None>
    <None Include="dependencies\tclap\docs\html\StdOutput_8h.html">
      <Filter>LOL</Filter>
    </None>
    <None Include="dependencies\tclap\docs\html\StdOutput_8h_source.html">
      <Filter>LOL</Filter>
    </None>
    <None Include="dependencies\tclap\docs\html\structTCLAP_1_1ArgTraits-members.html">
      <Filter>LOL</Filter>
    </None>
    <None Include="dependencies\tclap\docs\html\structTCLAP_1_1ArgTraits.html">
      <Filter>LOL</Filter>
    </None>
    <None Include="dependencies\tclap\docs\html\structTCLAP_1_1ArgTraits_3_01bool_01_4-members.html">
      <Filter>LOL</Filter>
    </None>
    <None Include="dependencies\tclap\docs\html\structTCLAP_1_1ArgTraits_3_01bool_01_4.html">
      <Filter>LOL</Filter>
    </None>
    <None Include="dependencies\tclap\docs\html\structTCLAP_1_1ArgTraits_3_01char_01_4-members.html">
      <Filter>LOL</Filter>
    </None>
    <None Include="dependencies\tclap\docs\html\structTCLAP_1_1ArgTraits_3_01char_01_4.html">
      <Filter>LOL</Filter>
    </None>
    <None Include="dependencies\tclap\docs\html\structTCLAP_1_1ArgTraits_3_01double_01_4-members.html">
      <Filter>LOL</Filter>
    </None>
    <None Include="dependencies\tclap\docs\html\structTCLAP_1_1ArgTraits_3_01double_01_4.html">
      <Filter>LOL</Filter>
    </None>
    <None Include="dependencies\tclap\docs\html\structTCLAP_1_1ArgTraits_3_01float_01_4-members.html">
      <Filter>LOL</Filter>
    </None>
    <None Include="dependencies\tclap\docs\html\structTCLAP_1_1ArgTraits_3_01float_01_4.html">
      <Filter>LOL</Filter>
    </None>
    <None Include="dependencies\tclap\docs\html\structTCLAP_1_1ArgTraits_3_01int_01_4-members.html">
      <Filter>LOL</Filter>
    </None>
    <None Include="dependencies\tclap\docs\html\structTCLAP_1_1ArgTraits_3_01int_01_4.html">
      <Filter>LOL</Filter>
    </None>
    <None Include="dependencies\tclap\docs\html\structTCLAP_1_1ArgTraits_3_01long_01_4-members.html">
      <Filter>LOL</Filter>
    </None>
    <None Include="dependencies\tclap\docs\html\structTCLAP_1_1ArgTraits_3_01long_01_4.html">
      <Filter>LOL</Filter>
    </None>
    <None Include="dependencies\tclap\docs\html\structTCLAP_1_1ArgTraits_3_01short_01_4-members.html">
      <Filter>LOL</Filter>
    </None>
    <None Include="dependencies\tclap\docs\html\structTCLAP_1_1ArgTraits_3_01short_01_4.html">
      <Filter>LOL</Filter>
    </None>
    <None Include="dependencies\tclap\docs\html\structTCLAP_1_1ArgTraits_3_01std_1_1string_01_4-members.html">
      <Filter>LOL</Filter>
    </None>
    <None Include="dependencies\tclap\docs\html\structTCLAP_1_1ArgTraits_3_01std_1_1string_01_4.html">
      <Filter>LOL</Filter>
    </None>
    <None Include="dependencies\tclap\docs\html\structTCLAP_1_1ArgTraits_3_01unsigned_01char_01_4-members.html">
      <Filter>LOL</Filter>
    </None>
    <None Include="dependencies\tclap\docs\html\structTCLAP_1_1ArgTraits_3_01unsigned_01char_01_4.html">
      <Filter>LOL</Filter>
    </None>
    <None Include="dependencies\tclap\docs\html\structTCLAP_1_1ArgTraits_3_01unsigned_01int_01_4-members.html">
      <Filter>LOL</Filter>
    </None>
    <None Include="dependencies\tclap\docs\html\structTCLAP_1_1ArgTraits_3_01unsigned_01int_01_4.html">
      <Filter>LOL</Filter>
    </None>
    <None Include="dependencies\tclap\docs\html\structTCLAP_1_1ArgTraits_3_01unsigned_01long_01_4-members.html">
      <Filter>LOL</Filter>
    </None>
    <None Include="dependencies\tclap\docs\html\structTCLAP_1_1ArgTraits_3_01unsigned_01long_01_4.html">
      <Filter>LOL</Filter>
    </None>
    <None Include="dependencies\tclap\docs\html\structTCLAP_1_1ArgTraits_3_01unsigned_01short_01_4-members.html">
      <Filter>LOL</Filter>
    </None>
    <None Include="dependencies\tclap\docs\html\structTCLAP_1_1ArgTraits_3_01unsigned_01short_01_4.html">
      <Filter>LOL</Filter>
    </None>
    <None Include="dependencies\tclap\docs\html\structTCLAP_1_1ArgTraits_3_01wchar__t_01_4-members.html">
      <Filter>LOL</Filter>
    </None>
    <None Include="dependencies\tclap\docs\html\structTCLAP_1_1ArgTraits_3_01wchar__t_01_4.html">
      <Filter>LOL</Filter>
    </None>
    <None Include="dependencies\tclap\docs\html\structTCLAP_1_1StringLike-members.html">
      <Filter>LOL</Filter>
    </None>
    <None Include="dependencies\tclap\docs\html\structTCLAP_1_1StringLike.html">
      <Filter>LOL</Filter>
    </None>
    <None Include="dependencies\tclap\docs\html\structTCLAP_1_1StringLikeTrait-members.html">
      <Filter>LOL</Filter>
    </None>
    <None Include="dependencies\tclap\docs\html\structTCLAP_1_1StringLikeTrait.html">
      <Filter>LOL</Filter>
    </None>
    <None Include="dependencies\tclap\docs\html\structTCLAP_1_1ValueLike-members.html">
      <Filter>LOL</Filter>
    </None>
    <None Include="dependencies\tclap\docs\html\structTCLAP_1_1ValueLike.html">
      <Filter>LOL</Filter>
    </None>
    <None Include="dependencies\tclap\docs\html\structTCLAP_1_1ValueLikeTrait-members.html">
      <Filter>LOL</Filter>
    </None>
    <None Include="dependencies\tclap\docs\html\structTCLAP_1_1ValueLikeTrait.html">
      <Filter>LOL</Filter>
    </None>
    <None Include="dependencies\tclap\docs\html\SwitchArg_8h.html">
      <Filter>LOL</Filter>
    </None>
    <None Include="dependencies\tclap\docs\html\SwitchArg_8h_source.html">
      <Filter>LOL</Filter>
    </None>
    <None Include="dependencies\tclap\docs\html\UnlabeledMultiArg_8h.html">
      <Filter>LOL</Filter>
    </None>
    <None Include="dependencies\tclap\docs\html\UnlabeledMultiArg_8h_source.html">
      <Filter>LOL</Filter>
    </None>
    <None Include="dependencies\tclap\docs\html\UnlabeledValueArg_8h.html">
      <Filter>LOL</Filter>
    </None>
    <None Include="dependencies\tclap\docs\html\UnlabeledValueArg_8h_source.html">
      <Filter>LOL</Filter>
    </None>
    <None Include="dependencies\tclap\docs\html\ValueArg_8h.html">
      <Filter>LOL</Filter>
    </None>
    <None Include="dependencies\tclap\docs\html\ValueArg_8h_source.html">
      <Filter>LOL</Filter>
    </None>
    <None Include="dependencies\tclap\docs\html\ValuesConstraint_8h.html">
      <Filter>LOL</Filter>
    </None>
    <None Include="dependencies\tclap\docs\html\ValuesConstraint_8h_source.html">
      <Filter>LOL</Filter>
    </None>
    <None Include="dependencies\tclap\docs\html\VersionVisitor_8h.html">
      <Filter>LOL</Filter>
    </None>
    <None Include="dependencies\tclap\docs\html\VersionVisitor_8h_source.html">
      <Filter>LOL</Filter>
    </None>
    <None Include="dependencies\tclap\docs\html\Visitor_8h.html">
      <Filter>LOL</Filter>
    </None>
    <None Include="dependencies\tclap\docs\html\Visitor_8h_source.html">
      <Filter>LOL</Filter>
    </None>
    <None Include="dependencies\tclap\docs\html\XorHandler_8h.html">
      <Filter>LOL</Filter>
    </None>
    <None Include="dependencies\tclap\docs\html\XorHandler_8h_source.html">
      <Filter>LOL</Filter>
    </None>
    <None Include="dependencies\tclap\docs\html\ZshCompletionOutput_8h.html">
      <Filter>LOL</Filter>
    </None>
    <None Include="dependencies\tclap\docs\html\ZshCompletionOutput_8h_source.html">
      <Filter>LOL</Filter>
    </None>
    <None Include="dpacalc-config.cmake">
      <Filter>0000000src0000000</Filter>
    </None>
    <None Include="src\config.h.in">
      <Filter>0000000src0000000</Filter>
    </None>
    <None Include="src\includes.h.in">
      <Filter>0000000src0000000</Filter>
    </None>
    <None Include="src\statisticaltest\openCL\computePearsonSummations.cl">
      <Filter>0000000src0000000\statisticTest\openCL</Filter>
    </None>
    <None Include="src\statisticaltest\openCL\efficientMatrixMul.cl">
      <Filter>0000000src0000000\statisticTest\openCL</Filter>
    </None>
    <None Include="src\statisticaltest\openCL\reduceStat.cl">
      <Filter>0000000src0000000\statisticTest\openCL</Filter>
    </None>
    <None Include="src\statisticaltest\openCL\generateInterVal.cl">
      <Filter>0000000src0000000\statisticTest\openCL</Filter>
    </None>
    <None Include="src\statisticaltest\openCL\generatePMVal.cl">
      <Filter>0000000src0000000\statisticTest\openCL</Filter>
    </None>
    <None Include="cmake\FindBbque.cmake">
      <Filter>cmake</Filter>
    </None>
    <None Include="cmake\FindOpenCL.cmake">
      <Filter>cmake</Filter>
    </None>
    <None Include="cmake\FindPAPI.cmake">
      <Filter>cmake</Filter>
    </None>
    <None Include="cmake\FindTCLAP.cmake">
      <Filter>cmake</Filter>
    </None>
    <None Include="cmake\LibFindMacros.cmake">
      <Filter>cmake</Filter>
    </None>
  </ItemGroup>
  <ItemGroup>
    <Text Include="src\CMakeLists.txt">
      <Filter>0000000src0000000</Filter>
    </Text>
  </ItemGroup>
</Project>